
Microsoft Visual Studio Solution File, Format Version 12.00
# Visual Studio 2017
Project("{FAE04EC0-301F-11D3-BF4B-00C04F79EFBC}") = "2dTutorial", "2dTutorial.csproj", "{C9B6CA56-4745-CD50-C230-0514BBCF997D}"
EndProject
Global
	GlobalSection(SolutionConfigurationPlatforms) = preSolution
		Debug|Any CPU = Debug|Any CPU
		Release|Any CPU = Release|Any CPU
	EndGlobalSection
	GlobalSection(ProjectConfigurationPlatforms) = postSolution
		{C9B6CA56-4745-CD50-C230-0514BBCF997D}.Debug|Any CPU.ActiveCfg = Debug|Any CPU
		{C9B6CA56-4745-CD50-C230-0514BBCF997D}.Debug|Any CPU.Build.0 = Debug|Any CPU
		{C9B6CA56-4745-CD50-C230-0514BBCF997D}.Release|Any CPU.ActiveCfg = Release|Any CPU
		{C9B6CA56-4745-CD50-C230-0514BBCF997D}.Release|Any CPU.Build.0 = Release|Any CPU
	EndGlobalSection
	GlobalSection(SolutionProperties) = preSolution
		HideSolutionNode = FALSE
	EndGlobalSection
EndGlobal
